
Microsoft Visual Studio Solution File, Format Version 12.00
# Visual Studio Version 16
VisualStudioVersion = 16.0.30204.135
MinimumVisualStudioVersion = 10.0.40219.1
Project("{8BC9CEB8-8B4A-11D0-8D11-00A0C91BC942}") = "BreakOut", "BreakOut\BreakOut.vcxproj", "{66B35299-CEA9-468A-8771-FC55307BDDC7}"
EndProject
Global
	GlobalSection(SolutionConfigurationPlatforms) = preSolution
		Debug|x64 = Debug|x64
		Debug|x86 = Debug|x86
		Release|x64 = Release|x64
		Release|x86 = Release|x86
	EndGlobalSection
	GlobalSection(ProjectConfigurationPlatforms) = postSolution
		{66B35299-CEA9-468A-8771-FC55307BDDC7}.Debug|x64.ActiveCfg = Debug|x64
		{66B35299-CEA9-468A-8771-FC55307BDDC7}.Debug|x64.Build.0 = Debug|x64
		{66B35299-CEA9-468A-8771-FC55307BDDC7}.Debug|x86.ActiveCfg = Debug|Win32
		{66B35299-CEA9-468A-8771-FC55307BDDC7}.Debug|x86.Build.0 = Debug|Win32
		{66B35299-CEA9-468A-8771-FC55307BDDC7}.Release|x64.ActiveCfg = Release|x64
		{66B35299-CEA9-468A-8771-FC55307BDDC7}.Release|x64.Build.0 = Release|x64
		{66B35299-CEA9-468A-8771-FC55307BDDC7}.Release|x86.ActiveCfg = Release|Win32
		{66B35299-CEA9-468A-8771-FC55307BDDC7}.Release|x86.Build.0 = Release|Win32
	EndGlobalSection
	GlobalSection(SolutionProperties) = preSolution
		HideSolutionNode = FALSE
	EndGlobalSection
	GlobalSection(ExtensibilityGlobals) = postSolution
		SolutionGuid = {524621E2-6221-43C6-BA4D-4BBED1E81148}
	EndGlobalSection
EndGlobal
